# generated by rye
# use `rye lock` or `rye sync` to update this lockfile
#
# last locked with the following flags:
#   pre: false
#   features: []
#   all-features: false
#   with-sources: false
#   generate-hashes: false
#   universal: false

-e file:.
annotated-types==0.7.0
    # via pydantic
certifi==2024.8.30
    # via requests
    # via sentry-sdk
charset-normalizer==3.4.0
    # via requests
click==8.1.7
    # via wandb
cmake==3.31.1
    # via triton
contourpy==1.1.1
    # via matplotlib
cycler==0.12.1
    # via matplotlib
docker-pycreds==0.4.0
    # via wandb
easydict==1.13
    # via acmap
filelock==3.16.1
    # via huggingface-hub
    # via torch
    # via triton
fonttools==4.55.0
    # via matplotlib
fsspec==2024.10.0
    # via huggingface-hub
gitdb==4.0.11
    # via gitpython
gitpython==3.1.43
    # via wandb
huggingface-hub==0.26.3
    # via timm
idna==3.10
    # via requests
importlib-resources==6.4.5
    # via matplotlib
jinja2==3.1.4
    # via torch
kiwisolver==1.4.7
    # via matplotlib
lit==18.1.8
    # via triton
markupsafe==2.1.5
    # via jinja2
matplotlib==3.7.5
    # via acmap
    # via seaborn
mpmath==1.3.0
    # via sympy
networkx==3.2.1
    # via torch
numpy==1.24.4
    # via contourpy
    # via matplotlib
    # via pandas
    # via scipy
    # via seaborn
    # via torchvision
packaging==24.2
    # via huggingface-hub
    # via matplotlib
pandas==2.0.3
    # via acmap
    # via seaborn
pillow==10.4.0
    # via matplotlib
    # via torchvision
platformdirs==4.3.6
    # via wandb
protobuf==4.25.5
    # via wandb
psutil==6.1.0
    # via wandb
pydantic==2.7.4
    # via acmap
pydantic-core==2.18.4
    # via pydantic
pyparsing==3.1.4
    # via matplotlib
python-dateutil==2.9.0.post0
    # via matplotlib
    # via pandas
python-dotenv==1.0.1
    # via acmap
pytz==2024.2
    # via pandas
pyyaml==6.0.1
    # via acmap
    # via huggingface-hub
    # via timm
    # via wandb
requests==2.32.3
    # via huggingface-hub
    # via torchvision
    # via wandb
scipy==1.10.1
    # via acmap
seaborn==0.13.2
    # via acmap
sentry-sdk==2.19.0
    # via wandb
setproctitle==1.3.4
    # via wandb
setuptools==75.3.0
    # via wandb
six==1.16.0
    # via docker-pycreds
    # via python-dateutil
smmap==5.0.1
    # via gitdb
sympy==1.13.3
    # via torch
timm==0.6.12
    # via acmap
torch==2.0.1+cu117
    # via acmap
    # via timm
    # via torchvision
    # via triton
torchvision==0.15.2+cu117
    # via acmap
    # via timm
tqdm==4.67.1
    # via huggingface-hub
triton==2.0.0
    # via torch
typing-extensions==4.12.2
    # via annotated-types
    # via huggingface-hub
    # via pydantic
    # via pydantic-core
    # via torch
    # via wandb
tzdata==2024.2
    # via pandas
urllib3==2.2.3
    # via requests
    # via sentry-sdk
wandb==0.17.0
    # via acmap
zipp==3.20.2
    # via importlib-resources
